<Solution>
  <Folder Name="/Solution Items/">
    <File Path=".dockerignore" />
    <File Path=".gitignore" />
    <File Path="Dockerfile" />
    <File Path="railway.json" />
  </Folder>
  <Project Path="TaskManager.DataAccess/TaskManager.DataAccess.csproj" />
  <Project Path="TaskManager.Models/TaskManager.Models.csproj" />
  <Project Path="TaskManager.Services/TaskManager.Services.csproj" />
  <Project Path="TaskManager.Utility/TaskManager.Utility.csproj" />
  <Project Path="TaskManager.Web/TaskManager.Web.csproj" />
</Solution>
